
Microsoft Visual Studio Solution File, Format Version 12.00
# Visual Studio Version 17
VisualStudioVersion = 17.12.35521.163 d17.12
MinimumVisualStudioVersion = 10.0.40219.1
Project("{FAE04EC0-301F-11D3-BF4B-00C04F79EFBC}") = "Domain", "Domain\Domain.csproj", "{8064905E-428E-4EA3-B5E4-1896AB117994}"
EndProject
Project("{FAE04EC0-301F-11D3-BF4B-00C04F79EFBC}") = "Infrastructure", "Infrastructure\Infrastructure.csproj", "{5279D3E1-9B8B-4075-9B14-20BBA7E9E57B}"
EndProject
Project("{FAE04EC0-301F-11D3-BF4B-00C04F79EFBC}") = "Application", "Application\Application.csproj", "{BC9E3682-7FCB-4CE6-B6B9-35EEA9268CCA}"
EndProject
Project("{FAE04EC0-301F-11D3-BF4B-00C04F79EFBC}") = "Tests", "Tests\Tests.csproj", "{689CB88D-90C0-4ED8-A692-ED55B0BA6657}"
EndProject
Project("{FAE04EC0-301F-11D3-BF4B-00C04F79EFBC}") = "Presentation", "Presentation\Presentation.csproj", "{06643903-8446-4E9D-B1D0-1DB38E72049C}"
EndProject
Project("{2150E333-8FDC-42A3-9474-1A3956D46DE8}") = "src", "src", "{66755108-1215-47B9-A5FB-0D55CBBF8022}"
EndProject
Global
	GlobalSection(SolutionConfigurationPlatforms) = preSolution
		Debug|Any CPU = Debug|Any CPU
		Release|Any CPU = Release|Any CPU
	EndGlobalSection
	GlobalSection(ProjectConfigurationPlatforms) = postSolution
		{8064905E-428E-4EA3-B5E4-1896AB117994}.Debug|Any CPU.ActiveCfg = Debug|Any CPU
		{8064905E-428E-4EA3-B5E4-1896AB117994}.Debug|Any CPU.Build.0 = Debug|Any CPU
		{8064905E-428E-4EA3-B5E4-1896AB117994}.Release|Any CPU.ActiveCfg = Release|Any CPU
		{8064905E-428E-4EA3-B5E4-1896AB117994}.Release|Any CPU.Build.0 = Release|Any CPU
		{5279D3E1-9B8B-4075-9B14-20BBA7E9E57B}.Debug|Any CPU.ActiveCfg = Debug|Any CPU
		{5279D3E1-9B8B-4075-9B14-20BBA7E9E57B}.Debug|Any CPU.Build.0 = Debug|Any CPU
		{5279D3E1-9B8B-4075-9B14-20BBA7E9E57B}.Release|Any CPU.ActiveCfg = Release|Any CPU
		{5279D3E1-9B8B-4075-9B14-20BBA7E9E57B}.Release|Any CPU.Build.0 = Release|Any CPU
		{BC9E3682-7FCB-4CE6-B6B9-35EEA9268CCA}.Debug|Any CPU.ActiveCfg = Debug|Any CPU
		{BC9E3682-7FCB-4CE6-B6B9-35EEA9268CCA}.Debug|Any CPU.Build.0 = Debug|Any CPU
		{BC9E3682-7FCB-4CE6-B6B9-35EEA9268CCA}.Release|Any CPU.ActiveCfg = Release|Any CPU
		{BC9E3682-7FCB-4CE6-B6B9-35EEA9268CCA}.Release|Any CPU.Build.0 = Release|Any CPU
		{689CB88D-90C0-4ED8-A692-ED55B0BA6657}.Debug|Any CPU.ActiveCfg = Debug|Any CPU
		{689CB88D-90C0-4ED8-A692-ED55B0BA6657}.Debug|Any CPU.Build.0 = Debug|Any CPU
		{689CB88D-90C0-4ED8-A692-ED55B0BA6657}.Release|Any CPU.ActiveCfg = Release|Any CPU
		{689CB88D-90C0-4ED8-A692-ED55B0BA6657}.Release|Any CPU.Build.0 = Release|Any CPU
		{06643903-8446-4E9D-B1D0-1DB38E72049C}.Debug|Any CPU.ActiveCfg = Debug|Any CPU
		{06643903-8446-4E9D-B1D0-1DB38E72049C}.Debug|Any CPU.Build.0 = Debug|Any CPU
		{06643903-8446-4E9D-B1D0-1DB38E72049C}.Release|Any CPU.ActiveCfg = Release|Any CPU
		{06643903-8446-4E9D-B1D0-1DB38E72049C}.Release|Any CPU.Build.0 = Release|Any CPU
	EndGlobalSection
	GlobalSection(SolutionProperties) = preSolution
		HideSolutionNode = FALSE
	EndGlobalSection
	GlobalSection(NestedProjects) = preSolution
		{8064905E-428E-4EA3-B5E4-1896AB117994} = {66755108-1215-47B9-A5FB-0D55CBBF8022}
		{5279D3E1-9B8B-4075-9B14-20BBA7E9E57B} = {66755108-1215-47B9-A5FB-0D55CBBF8022}
		{BC9E3682-7FCB-4CE6-B6B9-35EEA9268CCA} = {66755108-1215-47B9-A5FB-0D55CBBF8022}
		{06643903-8446-4E9D-B1D0-1DB38E72049C} = {66755108-1215-47B9-A5FB-0D55CBBF8022}
	EndGlobalSection
EndGlobal
